
Microsoft Visual Studio Solution File, Format Version 12.00
# Visual Studio Version 17
VisualStudioVersion = 17.4.33213.308
MinimumVisualStudioVersion = 10.0.40219.1
Project("{FAE04EC0-301F-11D3-BF4B-00C04F79EFBC}") = "14.02.23", "14.02.23\14.02.23.csproj", "{2BBDC16E-1D4F-4BDE-BB76-B33566B7443B}"
EndProject
Global
	GlobalSection(SolutionConfigurationPlatforms) = preSolution
		Debug|Any CPU = Debug|Any CPU
		Release|Any CPU = Release|Any CPU
	EndGlobalSection
	GlobalSection(ProjectConfigurationPlatforms) = postSolution
		{2BBDC16E-1D4F-4BDE-BB76-B33566B7443B}.Debug|Any CPU.ActiveCfg = Debug|Any CPU
		{2BBDC16E-1D4F-4BDE-BB76-B33566B7443B}.Debug|Any CPU.Build.0 = Debug|Any CPU
		{2BBDC16E-1D4F-4BDE-BB76-B33566B7443B}.Release|Any CPU.ActiveCfg = Release|Any CPU
		{2BBDC16E-1D4F-4BDE-BB76-B33566B7443B}.Release|Any CPU.Build.0 = Release|Any CPU
	EndGlobalSection
	GlobalSection(SolutionProperties) = preSolution
		HideSolutionNode = FALSE
	EndGlobalSection
	GlobalSection(ExtensibilityGlobals) = postSolution
		SolutionGuid = {3EAEDE18-E889-4208-AD8F-FFE68FA81A89}
	EndGlobalSection
EndGlobal
